
Microsoft Visual Studio Solution File, Format Version 12.00
# Visual Studio Version 17
VisualStudioVersion = 17.2.32516.85
MinimumVisualStudioVersion = 10.0.40219.1
Project("{9A19103F-16F7-4668-BE54-9A1E7A4F7556}") = "ChatGPT_API", "ChatGPT_API\ChatGPT_API.csproj", "{6AE0A2F6-45EC-4E0E-BC0B-B40A6C9220A2}"
EndProject
Project("{FAE04EC0-301F-11D3-BF4B-00C04F79EFBC}") = "ChatGPT_APITests", "ChatGPT_APITests\ChatGPT_APITests.csproj", "{377C4CC7-63B3-450B-87DE-B53EDF27219F}"
EndProject
Global
	GlobalSection(SolutionConfigurationPlatforms) = preSolution
		Debug|Any CPU = Debug|Any CPU
		Release|Any CPU = Release|Any CPU
	EndGlobalSection
	GlobalSection(ProjectConfigurationPlatforms) = postSolution
		{6AE0A2F6-45EC-4E0E-BC0B-B40A6C9220A2}.Debug|Any CPU.ActiveCfg = Debug|Any CPU
		{6AE0A2F6-45EC-4E0E-BC0B-B40A6C9220A2}.Debug|Any CPU.Build.0 = Debug|Any CPU
		{6AE0A2F6-45EC-4E0E-BC0B-B40A6C9220A2}.Release|Any CPU.ActiveCfg = Release|Any CPU
		{6AE0A2F6-45EC-4E0E-BC0B-B40A6C9220A2}.Release|Any CPU.Build.0 = Release|Any CPU
		{377C4CC7-63B3-450B-87DE-B53EDF27219F}.Debug|Any CPU.ActiveCfg = Debug|Any CPU
		{377C4CC7-63B3-450B-87DE-B53EDF27219F}.Debug|Any CPU.Build.0 = Debug|Any CPU
		{377C4CC7-63B3-450B-87DE-B53EDF27219F}.Release|Any CPU.ActiveCfg = Release|Any CPU
		{377C4CC7-63B3-450B-87DE-B53EDF27219F}.Release|Any CPU.Build.0 = Release|Any CPU
	EndGlobalSection
	GlobalSection(SolutionProperties) = preSolution
		HideSolutionNode = FALSE
	EndGlobalSection
	GlobalSection(ExtensibilityGlobals) = postSolution
		SolutionGuid = {817A5953-9F8C-4264-8734-08AB28A07AFC}
	EndGlobalSection
EndGlobal
